
Microsoft Visual Studio Solution File, Format Version 12.00
# Visual Studio 15
Project("{FAE04EC0-301F-11D3-BF4B-00C04F79EFBC}") = "Assembly-CSharp", "Assembly-CSharp.csproj", "{FADE9795-01C9-C6CE-30F7-4F878B4FC518}"
EndProject
Project("{FAE04EC0-301F-11D3-BF4B-00C04F79EFBC}") = "Assembly-CSharp-firstpass", "Assembly-CSharp-firstpass.csproj", "{C1A471FF-7771-BFAD-E378-14FCE733EAD9}"
EndProject
Global
	GlobalSection(SolutionConfigurationPlatforms) = preSolution
		Debug|Any CPU = Debug|Any CPU
		Release|Any CPU = Release|Any CPU
	EndGlobalSection
	GlobalSection(ProjectConfigurationPlatforms) = postSolution
		{FADE9795-01C9-C6CE-30F7-4F878B4FC518}.Debug|Any CPU.ActiveCfg = Debug|Any CPU
		{FADE9795-01C9-C6CE-30F7-4F878B4FC518}.Debug|Any CPU.Build.0 = Debug|Any CPU
		{FADE9795-01C9-C6CE-30F7-4F878B4FC518}.Release|Any CPU.ActiveCfg = Release|Any CPU
		{FADE9795-01C9-C6CE-30F7-4F878B4FC518}.Release|Any CPU.Build.0 = Release|Any CPU
		{C1A471FF-7771-BFAD-E378-14FCE733EAD9}.Debug|Any CPU.ActiveCfg = Debug|Any CPU
		{C1A471FF-7771-BFAD-E378-14FCE733EAD9}.Debug|Any CPU.Build.0 = Debug|Any CPU
		{C1A471FF-7771-BFAD-E378-14FCE733EAD9}.Release|Any CPU.ActiveCfg = Release|Any CPU
		{C1A471FF-7771-BFAD-E378-14FCE733EAD9}.Release|Any CPU.Build.0 = Release|Any CPU
	EndGlobalSection
	GlobalSection(SolutionProperties) = preSolution
		HideSolutionNode = FALSE
	EndGlobalSection
EndGlobal
