
Microsoft Visual Studio Solution File, Format Version 12.00
# Visual Studio 15
Project("{FAE04EC0-301F-11D3-BF4B-00C04F79EFBC}") = "Assembly-CSharp", "Assembly-CSharp.csproj", "{614BB364-3661-A850-F928-35D469DEB818}"
EndProject
Project("{FAE04EC0-301F-11D3-BF4B-00C04F79EFBC}") = "Assembly-CSharp-firstpass", "Assembly-CSharp-firstpass.csproj", "{1914AFEB-3A8A-DE02-F997-8BD3DAFD5A83}"
EndProject
Global
	GlobalSection(SolutionConfigurationPlatforms) = preSolution
		Debug|Any CPU = Debug|Any CPU
		Release|Any CPU = Release|Any CPU
	EndGlobalSection
	GlobalSection(ProjectConfigurationPlatforms) = postSolution
		{614BB364-3661-A850-F928-35D469DEB818}.Debug|Any CPU.ActiveCfg = Debug|Any CPU
		{614BB364-3661-A850-F928-35D469DEB818}.Debug|Any CPU.Build.0 = Debug|Any CPU
		{614BB364-3661-A850-F928-35D469DEB818}.Release|Any CPU.ActiveCfg = Release|Any CPU
		{614BB364-3661-A850-F928-35D469DEB818}.Release|Any CPU.Build.0 = Release|Any CPU
		{1914AFEB-3A8A-DE02-F997-8BD3DAFD5A83}.Debug|Any CPU.ActiveCfg = Debug|Any CPU
		{1914AFEB-3A8A-DE02-F997-8BD3DAFD5A83}.Debug|Any CPU.Build.0 = Debug|Any CPU
		{1914AFEB-3A8A-DE02-F997-8BD3DAFD5A83}.Release|Any CPU.ActiveCfg = Release|Any CPU
		{1914AFEB-3A8A-DE02-F997-8BD3DAFD5A83}.Release|Any CPU.Build.0 = Release|Any CPU
	EndGlobalSection
	GlobalSection(SolutionProperties) = preSolution
		HideSolutionNode = FALSE
	EndGlobalSection
EndGlobal
